
Microsoft Visual Studio Solution File, Format Version 12.00
# Visual Studio Version 17
VisualStudioVersion = 17.14.36310.24 d17.14
MinimumVisualStudioVersion = 10.0.40219.1
Project("{FAE04EC0-301F-11D3-BF4B-00C04F79EFBC}") = "EK-gokart", "EK-gokart\EK-gokart.csproj", "{082198B5-26F1-417B-9DEE-18A302C55C4E}"
EndProject
Global
	GlobalSection(SolutionConfigurationPlatforms) = preSolution
		Debug|Any CPU = Debug|Any CPU
		Release|Any CPU = Release|Any CPU
	EndGlobalSection
	GlobalSection(ProjectConfigurationPlatforms) = postSolution
		{082198B5-26F1-417B-9DEE-18A302C55C4E}.Debug|Any CPU.ActiveCfg = Debug|Any CPU
		{082198B5-26F1-417B-9DEE-18A302C55C4E}.Debug|Any CPU.Build.0 = Debug|Any CPU
		{082198B5-26F1-417B-9DEE-18A302C55C4E}.Release|Any CPU.ActiveCfg = Release|Any CPU
		{082198B5-26F1-417B-9DEE-18A302C55C4E}.Release|Any CPU.Build.0 = Release|Any CPU
	EndGlobalSection
	GlobalSection(SolutionProperties) = preSolution
		HideSolutionNode = FALSE
	EndGlobalSection
	GlobalSection(ExtensibilityGlobals) = postSolution
		SolutionGuid = {4672B859-15A5-4801-81EB-05B6678FC006}
	EndGlobalSection
EndGlobal
